
Microsoft Visual Studio Solution File, Format Version 12.00
# Visual Studio Version 16
VisualStudioVersion = 16.0.31624.102
MinimumVisualStudioVersion = 10.0.40219.1
Project("{FAE04EC0-301F-11D3-BF4B-00C04F79EFBC}") = "Project", "Project\Project.csproj", "{40F00040-24FC-483B-BDEA-2187779416BF}"
EndProject
Global
	GlobalSection(SolutionConfigurationPlatforms) = preSolution
		Debug|Any CPU = Debug|Any CPU
		Release|Any CPU = Release|Any CPU
	EndGlobalSection
	GlobalSection(ProjectConfigurationPlatforms) = postSolution
		{40F00040-24FC-483B-BDEA-2187779416BF}.Debug|Any CPU.ActiveCfg = Debug|Any CPU
		{40F00040-24FC-483B-BDEA-2187779416BF}.Debug|Any CPU.Build.0 = Debug|Any CPU
		{40F00040-24FC-483B-BDEA-2187779416BF}.Release|Any CPU.ActiveCfg = Release|Any CPU
		{40F00040-24FC-483B-BDEA-2187779416BF}.Release|Any CPU.Build.0 = Release|Any CPU
	EndGlobalSection
	GlobalSection(SolutionProperties) = preSolution
		HideSolutionNode = FALSE
	EndGlobalSection
	GlobalSection(ExtensibilityGlobals) = postSolution
		SolutionGuid = {EDBE5B6C-5606-430B-8D0C-E252D9C06385}
	EndGlobalSection
EndGlobal
